# THIS IS AN AUTOGENERATED FILE. DO NOT EDIT THIS FILE DIRECTLY.
# yarn lockfile v1


moment-timezone@0.5.1:
  version "0.5.1"
  resolved "https://registry.yarnpkg.com/moment-timezone/-/moment-timezone-0.5.1.tgz#ac7f12f214f3c6945c305de2097d88e924910a67"
  dependencies:
    moment ">= 2.6.0"

moment@2.12.0, "moment@>= 2.6.0":
  version "2.12.0"
  resolved "https://registry.yarnpkg.com/moment/-/moment-2.12.0.tgz#dc2560d19838d6c0731b1a6afa04675264d360d6"
